Microsoft Visual Studio Solution File, Format Version 12.00
# Visual Studio 15
VisualStudioVersion = 15.0.26403.7
MinimumVisualStudioVersion = 10.0.40219.1
Project("{8BC9CEB8-8B4A-11D0-8D11-00A0C91BC942}") = "procon28", "procon28.vcxproj", "{DD69201B-9DB4-4152-A161-EB83DDCD54EA}"
	ProjectSection(ProjectDependencies) = postProject
		{453D1063-C203-4A83-A95D-3AFFFCC0A828} = {453D1063-C203-4A83-A95D-3AFFFCC0A828}
		{5F1E5FB5-966B-4A33-877D-A9BEEE01E1FB} = {5F1E5FB5-966B-4A33-877D-A9BEEE01E1FB}
	EndProjectSection
EndProject
Project("{8BC9CEB8-8B4A-11D0-8D11-00A0C91BC942}") = "tokugawa", "lib\tokugawa\tokugawa.vcxproj", "{5F1E5FB5-966B-4A33-877D-A9BEEE01E1FB}"
EndProject
Project("{8BC9CEB8-8B4A-11D0-8D11-00A0C91BC942}") = "imagawa", "lib\imagawa\imagawa.vcxproj", "{453D1063-C203-4A83-A95D-3AFFFCC0A828}"
EndProject
Project("{8BC9CEB8-8B4A-11D0-8D11-00A0C91BC942}") = "tokugawaTester", "lib\tokugawa\tokugawaTester\tokugawaTester.vcxproj", "{513B9AFA-8B46-4B1D-AB5B-7348F36D8DAD}"
	ProjectSection(ProjectDependencies) = postProject
		{5F1E5FB5-966B-4A33-877D-A9BEEE01E1FB} = {5F1E5FB5-966B-4A33-877D-A9BEEE01E1FB}
	EndProjectSection
EndProject
Project("{8BC9CEB8-8B4A-11D0-8D11-00A0C91BC942}") = "polyclipping", "lib\clipper\cpp\build\x64-Release\polyclipping.vcxproj", "{5D46940D-4B81-306D-92EF-CE114840C23D}"
EndProject
Project("{8BC9CEB8-8B4A-11D0-8D11-00A0C91BC942}") = "imagawaTester", "lib\imagawa\imagawaTester\imagawaTester.vcxproj", "{9ADF7216-6573-40F6-87B6-16BC4BAE8410}"
	ProjectSection(ProjectDependencies) = postProject
		{453D1063-C203-4A83-A95D-3AFFFCC0A828} = {453D1063-C203-4A83-A95D-3AFFFCC0A828}
	EndProjectSection
EndProject
Global
	GlobalSection(SolutionConfigurationPlatforms) = preSolution
		Debug|x64 = Debug|x64
		Debug|x86 = Debug|x86
		MinSizeRel|x64 = MinSizeRel|x64
		MinSizeRel|x86 = MinSizeRel|x86
		Release|x64 = Release|x64
		Release|x86 = Release|x86
		RelWithDebInfo|x64 = RelWithDebInfo|x64
		RelWithDebInfo|x86 = RelWithDebInfo|x86
	EndGlobalSection
	GlobalSection(ProjectConfigurationPlatforms) = postSolution
		{DD69201B-9DB4-4152-A161-EB83DDCD54EA}.Debug|x64.ActiveCfg = Debug|x64
		{DD69201B-9DB4-4152-A161-EB83DDCD54EA}.Debug|x64.Build.0 = Debug|x64
		{DD69201B-9DB4-4152-A161-EB83DDCD54EA}.Debug|x86.ActiveCfg = Debug|Win32
		{DD69201B-9DB4-4152-A161-EB83DDCD54EA}.Debug|x86.Build.0 = Debug|Win32
		{DD69201B-9DB4-4152-A161-EB83DDCD54EA}.MinSizeRel|x64.ActiveCfg = Release|x64
		{DD69201B-9DB4-4152-A161-EB83DDCD54EA}.MinSizeRel|x64.Build.0 = Release|x64
		{DD69201B-9DB4-4152-A161-EB83DDCD54EA}.MinSizeRel|x86.ActiveCfg = Release|Win32
		{DD69201B-9DB4-4152-A161-EB83DDCD54EA}.MinSizeRel|x86.Build.0 = Release|Win32
		{DD69201B-9DB4-4152-A161-EB83DDCD54EA}.Release|x64.ActiveCfg = Release|x64
		{DD69201B-9DB4-4152-A161-EB83DDCD54EA}.Release|x64.Build.0 = Release|x64
		{DD69201B-9DB4-4152-A161-EB83DDCD54EA}.Release|x86.ActiveCfg = Release|Win32
		{DD69201B-9DB4-4152-A161-EB83DDCD54EA}.Release|x86.Build.0 = Release|Win32
		{DD69201B-9DB4-4152-A161-EB83DDCD54EA}.RelWithDebInfo|x64.ActiveCfg = Release|x64
		{DD69201B-9DB4-4152-A161-EB83DDCD54EA}.RelWithDebInfo|x64.Build.0 = Release|x64
		{DD69201B-9DB4-4152-A161-EB83DDCD54EA}.RelWithDebInfo|x86.ActiveCfg = Release|Win32
		{DD69201B-9DB4-4152-A161-EB83DDCD54EA}.RelWithDebInfo|x86.Build.0 = Release|Win32
		{5F1E5FB5-966B-4A33-877D-A9BEEE01E1FB}.Debug|x64.ActiveCfg = Debug|x64
		{5F1E5FB5-966B-4A33-877D-A9BEEE01E1FB}.Debug|x64.Build.0 = Debug|x64
		{5F1E5FB5-966B-4A33-877D-A9BEEE01E1FB}.Debug|x86.ActiveCfg = Debug|Win32
		{5F1E5FB5-966B-4A33-877D-A9BEEE01E1FB}.Debug|x86.Build.0 = Debug|Win32
		{5F1E5FB5-966B-4A33-877D-A9BEEE01E1FB}.MinSizeRel|x64.ActiveCfg = Release|x64
		{5F1E5FB5-966B-4A33-877D-A9BEEE01E1FB}.MinSizeRel|x64.Build.0 = Release|x64
		{5F1E5FB5-966B-4A33-877D-A9BEEE01E1FB}.MinSizeRel|x86.ActiveCfg = Release|Win32
		{5F1E5FB5-966B-4A33-877D-A9BEEE01E1FB}.MinSizeRel|x86.Build.0 = Release|Win32
		{5F1E5FB5-966B-4A33-877D-A9BEEE01E1FB}.Release|x64.ActiveCfg = Release|x64
		{5F1E5FB5-966B-4A33-877D-A9BEEE01E1FB}.Release|x64.Build.0 = Release|x64
		{5F1E5FB5-966B-4A33-877D-A9BEEE01E1FB}.Release|x86.ActiveCfg = Release|Win32
		{5F1E5FB5-966B-4A33-877D-A9BEEE01E1FB}.Release|x86.Build.0 = Release|Win32
		{5F1E5FB5-966B-4A33-877D-A9BEEE01E1FB}.RelWithDebInfo|x64.ActiveCfg = Release|x64
		{5F1E5FB5-966B-4A33-877D-A9BEEE01E1FB}.RelWithDebInfo|x64.Build.0 = Release|x64
		{5F1E5FB5-966B-4A33-877D-A9BEEE01E1FB}.RelWithDebInfo|x86.ActiveCfg = Release|Win32
		{5F1E5FB5-966B-4A33-877D-A9BEEE01E1FB}.RelWithDebInfo|x86.Build.0 = Release|Win32
		{453D1063-C203-4A83-A95D-3AFFFCC0A828}.Debug|x64.ActiveCfg = Debug|x64
		{453D1063-C203-4A83-A95D-3AFFFCC0A828}.Debug|x64.Build.0 = Debug|x64
		{453D1063-C203-4A83-A95D-3AFFFCC0A828}.Debug|x86.ActiveCfg = Debug|Win32
		{453D1063-C203-4A83-A95D-3AFFFCC0A828}.Debug|x86.Build.0 = Debug|Win32
		{453D1063-C203-4A83-A95D-3AFFFCC0A828}.MinSizeRel|x64.ActiveCfg = Release|x64
		{453D1063-C203-4A83-A95D-3AFFFCC0A828}.MinSizeRel|x64.Build.0 = Release|x64
		{453D1063-C203-4A83-A95D-3AFFFCC0A828}.MinSizeRel|x86.ActiveCfg = Release|Win32
		{453D1063-C203-4A83-A95D-3AFFFCC0A828}.MinSizeRel|x86.Build.0 = Release|Win32
		{453D1063-C203-4A83-A95D-3AFFFCC0A828}.Release|x64.ActiveCfg = Release|x64
		{453D1063-C203-4A83-A95D-3AFFFCC0A828}.Release|x64.Build.0 = Release|x64
		{453D1063-C203-4A83-A95D-3AFFFCC0A828}.Release|x86.ActiveCfg = Release|Win32
		{453D1063-C203-4A83-A95D-3AFFFCC0A828}.Release|x86.Build.0 = Release|Win32
		{453D1063-C203-4A83-A95D-3AFFFCC0A828}.RelWithDebInfo|x64.ActiveCfg = Release|x64
		{453D1063-C203-4A83-A95D-3AFFFCC0A828}.RelWithDebInfo|x64.Build.0 = Release|x64
		{453D1063-C203-4A83-A95D-3AFFFCC0A828}.RelWithDebInfo|x86.ActiveCfg = Release|Win32
		{453D1063-C203-4A83-A95D-3AFFFCC0A828}.RelWithDebInfo|x86.Build.0 = Release|Win32
		{513B9AFA-8B46-4B1D-AB5B-7348F36D8DAD}.Debug|x64.ActiveCfg = Debug|x64
		{513B9AFA-8B46-4B1D-AB5B-7348F36D8DAD}.Debug|x64.Build.0 = Debug|x64
		{513B9AFA-8B46-4B1D-AB5B-7348F36D8DAD}.Debug|x86.ActiveCfg = Debug|Win32
		{513B9AFA-8B46-4B1D-AB5B-7348F36D8DAD}.Debug|x86.Build.0 = Debug|Win32
		{513B9AFA-8B46-4B1D-AB5B-7348F36D8DAD}.MinSizeRel|x64.ActiveCfg = Release|x64
		{513B9AFA-8B46-4B1D-AB5B-7348F36D8DAD}.MinSizeRel|x64.Build.0 = Release|x64
		{513B9AFA-8B46-4B1D-AB5B-7348F36D8DAD}.MinSizeRel|x86.ActiveCfg = Release|Win32
		{513B9AFA-8B46-4B1D-AB5B-7348F36D8DAD}.MinSizeRel|x86.Build.0 = Release|Win32
		{513B9AFA-8B46-4B1D-AB5B-7348F36D8DAD}.Release|x64.ActiveCfg = Release|x64
		{513B9AFA-8B46-4B1D-AB5B-7348F36D8DAD}.Release|x64.Build.0 = Release|x64
		{513B9AFA-8B46-4B1D-AB5B-7348F36D8DAD}.Release|x86.ActiveCfg = Release|Win32
		{513B9AFA-8B46-4B1D-AB5B-7348F36D8DAD}.Release|x86.Build.0 = Release|Win32
		{513B9AFA-8B46-4B1D-AB5B-7348F36D8DAD}.RelWithDebInfo|x64.ActiveCfg = Release|x64
		{513B9AFA-8B46-4B1D-AB5B-7348F36D8DAD}.RelWithDebInfo|x64.Build.0 = Release|x64
		{513B9AFA-8B46-4B1D-AB5B-7348F36D8DAD}.RelWithDebInfo|x86.ActiveCfg = Release|Win32
		{513B9AFA-8B46-4B1D-AB5B-7348F36D8DAD}.RelWithDebInfo|x86.Build.0 = Release|Win32
		{5D46940D-4B81-306D-92EF-CE114840C23D}.Debug|x64.ActiveCfg = Debug|x64
		{5D46940D-4B81-306D-92EF-CE114840C23D}.Debug|x64.Build.0 = Debug|x64
		{5D46940D-4B81-306D-92EF-CE114840C23D}.Debug|x86.ActiveCfg = Debug|x64
		{5D46940D-4B81-306D-92EF-CE114840C23D}.MinSizeRel|x64.ActiveCfg = MinSizeRel|x64
		{5D46940D-4B81-306D-92EF-CE114840C23D}.MinSizeRel|x64.Build.0 = MinSizeRel|x64
		{5D46940D-4B81-306D-92EF-CE114840C23D}.MinSizeRel|x86.ActiveCfg = MinSizeRel|x64
		{5D46940D-4B81-306D-92EF-CE114840C23D}.Release|x64.ActiveCfg = Release|x64
		{5D46940D-4B81-306D-92EF-CE114840C23D}.Release|x64.Build.0 = Release|x64
		{5D46940D-4B81-306D-92EF-CE114840C23D}.Release|x86.ActiveCfg = Release|x64
		{5D46940D-4B81-306D-92EF-CE114840C23D}.RelWithDebInfo|x64.ActiveCfg = RelWithDebInfo|x64
		{5D46940D-4B81-306D-92EF-CE114840C23D}.RelWithDebInfo|x64.Build.0 = RelWithDebInfo|x64
		{5D46940D-4B81-306D-92EF-CE114840C23D}.RelWithDebInfo|x86.ActiveCfg = RelWithDebInfo|x64
		{9ADF7216-6573-40F6-87B6-16BC4BAE8410}.Debug|x64.ActiveCfg = Debug|x64
		{9ADF7216-6573-40F6-87B6-16BC4BAE8410}.Debug|x64.Build.0 = Debug|x64
		{9ADF7216-6573-40F6-87B6-16BC4BAE8410}.Debug|x86.ActiveCfg = Debug|Win32
		{9ADF7216-6573-40F6-87B6-16BC4BAE8410}.Debug|x86.Build.0 = Debug|Win32
		{9ADF7216-6573-40F6-87B6-16BC4BAE8410}.MinSizeRel|x64.ActiveCfg = Release|x64
		{9ADF7216-6573-40F6-87B6-16BC4BAE8410}.MinSizeRel|x64.Build.0 = Release|x64
		{9ADF7216-6573-40F6-87B6-16BC4BAE8410}.MinSizeRel|x86.ActiveCfg = Release|Win32
		{9ADF7216-6573-40F6-87B6-16BC4BAE8410}.MinSizeRel|x86.Build.0 = Release|Win32
		{9ADF7216-6573-40F6-87B6-16BC4BAE8410}.Release|x64.ActiveCfg = Release|x64
		{9ADF7216-6573-40F6-87B6-16BC4BAE8410}.Release|x64.Build.0 = Release|x64
		{9ADF7216-6573-40F6-87B6-16BC4BAE8410}.Release|x86.ActiveCfg = Release|Win32
		{9ADF7216-6573-40F6-87B6-16BC4BAE8410}.Release|x86.Build.0 = Release|Win32
		{9ADF7216-6573-40F6-87B6-16BC4BAE8410}.RelWithDebInfo|x64.ActiveCfg = Release|x64
		{9ADF7216-6573-40F6-87B6-16BC4BAE8410}.RelWithDebInfo|x64.Build.0 = Release|x64
		{9ADF7216-6573-40F6-87B6-16BC4BAE8410}.RelWithDebInfo|x86.ActiveCfg = Release|Win32
		{9ADF7216-6573-40F6-87B6-16BC4BAE8410}.RelWithDebInfo|x86.Build.0 = Release|Win32
	EndGlobalSection
	GlobalSection(SolutionProperties) = preSolution
		HideSolutionNode = FALSE
	EndGlobalSection
EndGlobal
